github.com/oxplot/papersizes v0.0.0-20181128121939-69576e6b6e2d h1:MuW0tg2MliCNFBk8jAZZyHQ1PPfrS8Ihp5lNWyoMmVA=
github.com/oxplot/papersizes v0.0.0-20181128121939-69576e6b6e2d/go.mod h1:LJRTnhoARxQgMyT7T9L+ZzwR4OrmyHTy5LPxZEzE1CM=
github.com/oxplot/papersizes v0.0.0-20181129004259-76bf44043a93 h1:XCHmJaV53mF3srbG0AWFWZpo7rwBapPzOXgYE25tXdo=
github.com/oxplot/papersizes v0.0.0-20181129004259-76bf44043a93/go.mod h1:LJRTnhoARxQgMyT7T9L+ZzwR4OrmyHTy5LPxZEzE1CM=
